
Microsoft Visual Studio Solution File, Format Version 12.00
# Visual Studio Version 17
VisualStudioVersion = 17.14.36310.24 d17.14
MinimumVisualStudioVersion = 10.0.40219.1
Project("{FAE04EC0-301F-11D3-BF4B-00C04F79EFBC}") = "ConsoleApp1", "ConsoleApp1\ConsoleApp1.csproj", "{D3972600-C07A-4E27-B048-62924A38FC87}"
EndProject
Global
	GlobalSection(SolutionConfigurationPlatforms) = preSolution
		Debug|Any CPU = Debug|Any CPU
		Release|Any CPU = Release|Any CPU
	EndGlobalSection
	GlobalSection(ProjectConfigurationPlatforms) = postSolution
		{D3972600-C07A-4E27-B048-62924A38FC87}.Debug|Any CPU.ActiveCfg = Debug|Any CPU
		{D3972600-C07A-4E27-B048-62924A38FC87}.Debug|Any CPU.Build.0 = Debug|Any CPU
		{D3972600-C07A-4E27-B048-62924A38FC87}.Release|Any CPU.ActiveCfg = Release|Any CPU
		{D3972600-C07A-4E27-B048-62924A38FC87}.Release|Any CPU.Build.0 = Release|Any CPU
	EndGlobalSection
	GlobalSection(SolutionProperties) = preSolution
		HideSolutionNode = FALSE
	EndGlobalSection
	GlobalSection(ExtensibilityGlobals) = postSolution
		SolutionGuid = {9E0BB89B-D09C-470B-A0F6-91A70A620B22}
	EndGlobalSection
EndGlobal
